// !$*UTF8*$!
{
	archiveVersion = 1;
	classes = {
	};
	objectVersion = 56;
	objects = {

/* Begin PBXBuildFile section */
		90E327C3291F971300D5FEE2 /* AppDelegate.swift in Sources */ = {isa = PBXBuildFile; fileRef = 90E327C2291F971300D5FEE2 /* AppDelegate.swift */; };
		90E327C5291F971300D5FEE2 /* SceneDelegate.swift in Sources */ = {isa = PBXBuildFile; fileRef = 90E327C4291F971300D5FEE2 /* SceneDelegate.swift */; };
		90E327CA291F971300D5FEE2 /* Main.storyboard in Resources */ = {isa = PBXBuildFile; fileRef = 90E327C8291F971300D5FEE2 /* Main.storyboard */; };
		90E327CC291F971400D5FEE2 /* Assets.xcassets in Resources */ = {isa = PBXBuildFile; fileRef = 90E327CB291F971400D5FEE2 /* Assets.xcassets */; };
		90E327CF291F971400D5FEE2 /* LaunchScreen.storyboard in Resources */ = {isa = PBXBuildFile; fileRef = 90E327CD291F971400D5FEE2 /* LaunchScreen.storyboard */; };
		90E327D7291F9ADB00D5FEE2 /* CardListViewController.swift in Sources */ = {isa = PBXBuildFile; fileRef = 90E327D6291F9ADB00D5FEE2 /* CardListViewController.swift */; };
		90E327D9291F9B8900D5FEE2 /* CreditCard.swift in Sources */ = {isa = PBXBuildFile; fileRef = 90E327D8291F9B8900D5FEE2 /* CreditCard.swift */; };
		90E327DC291F9C2400D5FEE2 /* CardListCellTableViewCell.swift in Sources */ = {isa = PBXBuildFile; fileRef = 90E327DA291F9C2400D5FEE2 /* CardListCellTableViewCell.swift */; };
		90E327DD291F9C2400D5FEE2 /* CardListCellTableViewCell.xib in Resources */ = {isa = PBXBuildFile; fileRef = 90E327DB291F9C2400D5FEE2 /* CardListCellTableViewCell.xib */; };
		90E327DF291FA10A00D5FEE2 /* CardDetailViewController.swift in Sources */ = {isa = PBXBuildFile; fileRef = 90E327DE291FA10A00D5FEE2 /* CardDetailViewController.swift */; };
		90E327E1291FA60800D5FEE2 /* GoogleService-Info.plist in Resources */ = {isa = PBXBuildFile; fileRef = 90E327E0291FA60800D5FEE2 /* GoogleService-Info.plist */; };
		90E327E4291FAEE800D5FEE2 /* moneyAnim.json in Resources */ = {isa = PBXBuildFile; fileRef = 90E327E3291FAE6700D5FEE2 /* moneyAnim.json */; };
		90E327E6291FC57B00D5FEE2 /* CreditCardDummy.swift in Sources */ = {isa = PBXBuildFile; fileRef = 90E327E5291FC57B00D5FEE2 /* CreditCardDummy.swift */; };
		96564041FD45AB1878891A41 /* Pods_CreditCardList.framework in Frameworks */ = {isa = PBXBuildFile; fileRef = 6C7696C37ACA5C36BE091389 /* Pods_CreditCardList.framework */; };
/* End PBXBuildFile section */

/* Begin PBXFileReference section */
		6C7696C37ACA5C36BE091389 /* Pods_CreditCardList.framework */ = {isa = PBXFileReference; explicitFileType = wrapper.framework; includeInIndex = 0; path = Pods_CreditCardList.framework; sourceTree = BUILT_PRODUCTS_DIR; };
		6DC56EC5E204D8CA65AC172A /* Pods-CreditCardList.debug.xcconfig */ = {isa = PBXFileReference; includeInIndex = 1; lastKnownFileType = text.xcconfig; name = "Pods-CreditCardList.debug.xcconfig"; path = "Target Support Files/Pods-CreditCardList/Pods-CreditCardList.debug.xcconfig"; sourceTree = "<group>"; };
		71F83271D7ECA7567FB0C802 /* Pods-CreditCardList.release.xcconfig */ = {isa = PBXFileReference; includeInIndex = 1; lastKnownFileType = text.xcconfig; name = "Pods-CreditCardList.release.xcconfig"; path = "Target Support Files/Pods-CreditCardList/Pods-CreditCardList.release.xcconfig"; sourceTree = "<group>"; };
		90E327BF291F971300D5FEE2 /* CreditCardList.app */ = {isa = PBXFileReference; explicitFileType = wrapper.application; includeInIndex = 0; path = CreditCardList.app; sourceTree = BUILT_PRODUCTS_DIR; };
		90E327C2291F971300D5FEE2 /* AppDelegate.swift */ = {isa = PBXFileReference; lastKnownFileType = sourcecode.swift; path = AppDelegate.swift; sourceTree = "<group>"; };
		90E327C4291F971300D5FEE2 /* SceneDelegate.swift */ = {isa = PBXFileReference; lastKnownFileType = sourcecode.swift; path = SceneDelegate.swift; sourceTree = "<group>"; };
		90E327C9291F971300D5FEE2 /* Base */ = {isa = PBXFileReference; lastKnownFileType = file.storyboard; name = Base; path = Base.lproj/Main.storyboard; sourceTree = "<group>"; };
		90E327CB291F971400D5FEE2 /* Assets.xcassets */ = {isa = PBXFileReference; lastKnownFileType = folder.assetcatalog; path = Assets.xcassets; sourceTree = "<group>"; };
		90E327CE291F971400D5FEE2 /* Base */ = {isa = PBXFileReference; lastKnownFileType = file.storyboard; name = Base; path = Base.lproj/LaunchScreen.storyboard; sourceTree = "<group>"; };
		90E327D0291F971400D5FEE2 /* Info.plist */ = {isa = PBXFileReference; lastKnownFileType = text.plist.xml; path = Info.plist; sourceTree = "<group>"; };
		90E327D6291F9ADB00D5FEE2 /* CardListViewController.swift */ = {isa = PBXFileReference; lastKnownFileType = sourcecode.swift; path = CardListViewController.swift; sourceTree = "<group>"; };
		90E327D8291F9B8900D5FEE2 /* CreditCard.swift */ = {isa = PBXFileReference; lastKnownFileType = sourcecode.swift; path = CreditCard.swift; sourceTree = "<group>"; };
		90E327DA291F9C2400D5FEE2 /* CardListCellTableViewCell.swift */ = {isa = PBXFileReference; lastKnownFileType = sourcecode.swift; path = CardListCellTableViewCell.swift; sourceTree = "<group>"; };
		90E327DB291F9C2400D5FEE2 /* CardListCellTableViewCell.xib */ = {isa = PBXFileReference; lastKnownFileType = file.xib; path = CardListCellTableViewCell.xib; sourceTree = "<group>"; };
		90E327DE291FA10A00D5FEE2 /* CardDetailViewController.swift */ = {isa = PBXFileReference; lastKnownFileType = sourcecode.swift; path = CardDetailViewController.swift; sourceTree = "<group>"; };
		90E327E0291FA60800D5FEE2 /* GoogleService-Info.plist */ = {isa = PBXFileReference; fileEncoding = 4; lastKnownFileType = text.plist.xml; name = "GoogleService-Info.plist"; path = "../../../Downloads/GoogleService-Info.plist"; sourceTree = "<group>"; };
		90E327E3291FAE6700D5FEE2 /* moneyAnim.json */ = {isa = PBXFileReference; fileEncoding = 4; lastKnownFileType = text.json; path = moneyAnim.json; sourceTree = "<group>"; };
		90E327E5291FC57B00D5FEE2 /* CreditCardDummy.swift */ = {isa = PBXFileReference; lastKnownFileType = sourcecode.swift; path = CreditCardDummy.swift; sourceTree = "<group>"; };
/* End PBXFileReference section */

/* Begin PBXFrameworksBuildPhase section */
		90E327BC291F971300D5FEE2 /* Frameworks */ = {
			isa = PBXFrameworksBuildPhase;
			buildActionMask = 2147483647;
			files = (
				96564041FD45AB1878891A41 /* Pods_CreditCardList.framework in Frameworks */,
			);
			runOnlyForDeploymentPostprocessing = 0;
		};
/* End PBXFrameworksBuildPhase section */

/* Begin PBXGroup section */
		19D94FE242BB67B970FB7357 /* Pods */ = {
			isa = PBXGroup;
			children = (
				6DC56EC5E204D8CA65AC172A /* Pods-CreditCardList.debug.xcconfig */,
				71F83271D7ECA7567FB0C802 /* Pods-CreditCardList.release.xcconfig */,
			);
			path = Pods;
			sourceTree = "<group>";
		};
		8D07C5D34F9B044BC20FE3CA /* Frameworks */ = {
			isa = PBXGroup;
			children = (
				6C7696C37ACA5C36BE091389 /* Pods_CreditCardList.framework */,
			);
			name = Frameworks;
			sourceTree = "<group>";
		};
		90E327B6291F971300D5FEE2 = {
			isa = PBXGroup;
			children = (
				90E327C1291F971300D5FEE2 /* CreditCardList */,
				90E327C0291F971300D5FEE2 /* Products */,
				19D94FE242BB67B970FB7357 /* Pods */,
				8D07C5D34F9B044BC20FE3CA /* Frameworks */,
			);
			sourceTree = "<group>";
		};
		90E327C0291F971300D5FEE2 /* Products */ = {
			isa = PBXGroup;
			children = (
				90E327BF291F971300D5FEE2 /* CreditCardList.app */,
			);
			name = Products;
			sourceTree = "<group>";
		};
		90E327C1291F971300D5FEE2 /* CreditCardList */ = {
			isa = PBXGroup;
			children = (
				90E327E0291FA60800D5FEE2 /* GoogleService-Info.plist */,
				90E327C2291F971300D5FEE2 /* AppDelegate.swift */,
				90E327C4291F971300D5FEE2 /* SceneDelegate.swift */,
				90E327C8291F971300D5FEE2 /* Main.storyboard */,
				90E327CB291F971400D5FEE2 /* Assets.xcassets */,
				90E327CD291F971400D5FEE2 /* LaunchScreen.storyboard */,
				90E327D0291F971400D5FEE2 /* Info.plist */,
				90E327D6291F9ADB00D5FEE2 /* CardListViewController.swift */,
				90E327D8291F9B8900D5FEE2 /* CreditCard.swift */,
				90E327DA291F9C2400D5FEE2 /* CardListCellTableViewCell.swift */,
				90E327DB291F9C2400D5FEE2 /* CardListCellTableViewCell.xib */,
				90E327DE291FA10A00D5FEE2 /* CardDetailViewController.swift */,
				90E327E3291FAE6700D5FEE2 /* moneyAnim.json */,
				90E327E5291FC57B00D5FEE2 /* CreditCardDummy.swift */,
			);
			path = CreditCardList;
			sourceTree = "<group>";
		};
/* End PBXGroup section */

/* Begin PBXNativeTarget section */
		90E327BE291F971300D5FEE2 /* CreditCardList */ = {
			isa = PBXNativeTarget;
			buildConfigurationList = 90E327D3291F971400D5FEE2 /* Build configuration list for PBXNativeTarget "CreditCardList" */;
			buildPhases = (
				E0639F9994997B15A70ACED3 /* [CP] Check Pods Manifest.lock */,
				90E327BB291F971300D5FEE2 /* Sources */,
				90E327BC291F971300D5FEE2 /* Frameworks */,
				90E327BD291F971300D5FEE2 /* Resources */,
				50672EE5CE55A6E9ACF7D3C5 /* [CP] Embed Pods Frameworks */,
			);
			buildRules = (
			);
			dependencies = (
			);
			name = CreditCardList;
			productName = CreditCardList;
			productReference = 90E327BF291F971300D5FEE2 /* CreditCardList.app */;
			productType = "com.apple.product-type.application";
		};
/* End PBXNativeTarget section */

/* Begin PBXProject section */
		90E327B7291F971300D5FEE2 /* Project object */ = {
			isa = PBXProject;
			attributes = {
				BuildIndependentTargetsInParallel = 1;
				LastSwiftUpdateCheck = 1410;
				LastUpgradeCheck = 1410;
				TargetAttributes = {
					90E327BE291F971300D5FEE2 = {
						CreatedOnToolsVersion = 14.1;
					};
				};
			};
			buildConfigurationList = 90E327BA291F971300D5FEE2 /* Build configuration list for PBXProject "CreditCardList" */;
			compatibilityVersion = "Xcode 14.0";
			developmentRegion = en;
			hasScannedForEncodings = 0;
			knownRegions = (
				en,
				Base,
			);
			mainGroup = 90E327B6291F971300D5FEE2;
			productRefGroup = 90E327C0291F971300D5FEE2 /* Products */;
			projectDirPath = "";
			projectRoot = "";
			targets = (
				90E327BE291F971300D5FEE2 /* CreditCardList */,
			);
		};
/* End PBXProject section */

/* Begin PBXResourcesBuildPhase section */
		90E327BD291F971300D5FEE2 /* Resources */ = {
			isa = PBXResourcesBuildPhase;
			buildActionMask = 2147483647;
			files = (
				90E327CF291F971400D5FEE2 /* LaunchScreen.storyboard in Resources */,
				90E327CC291F971400D5FEE2 /* Assets.xcassets in Resources */,
				90E327E1291FA60800D5FEE2 /* GoogleService-Info.plist in Resources */,
				90E327E4291FAEE800D5FEE2 /* moneyAnim.json in Resources */,
				90E327CA291F971300D5FEE2 /* Main.storyboard in Resources */,
				90E327DD291F9C2400D5FEE2 /* CardListCellTableViewCell.xib in Resources */,
			);
			runOnlyForDeploymentPostprocessing = 0;
		};
/* End PBXResourcesBuildPhase section */

/* Begin PBXShellScriptBuildPhase section */
		50672EE5CE55A6E9ACF7D3C5 /* [CP] Embed Pods Frameworks */ = {
			isa = PBXShellScriptBuildPhase;
			buildActionMask = 2147483647;
			files = (
			);
			inputFileListPaths = (
				"${PODS_ROOT}/Target Support Files/Pods-CreditCardList/Pods-CreditCardList-frameworks-${CONFIGURATION}-input-files.xcfilelist",
			);
			name = "[CP] Embed Pods Frameworks";
			outputFileListPaths = (
				"${PODS_ROOT}/Target Support Files/Pods-CreditCardList/Pods-CreditCardList-frameworks-${CONFIGURATION}-output-files.xcfilelist",
			);
			runOnlyForDeploymentPostprocessing = 0;
			shellPath = /bin/sh;
			shellScript = "\"${PODS_ROOT}/Target Support Files/Pods-CreditCardList/Pods-CreditCardList-frameworks.sh\"\n";
			showEnvVarsInLog = 0;
		};
		E0639F9994997B15A70ACED3 /* [CP] Check Pods Manifest.lock */ = {
			isa = PBXShellScriptBuildPhase;
			buildActionMask = 2147483647;
			files = (
			);
			inputFileListPaths = (
			);
			inputPaths = (
				"${PODS_PODFILE_DIR_PATH}/Podfile.lock",
				"${PODS_ROOT}/Manifest.lock",
			);
			name = "[CP] Check Pods Manifest.lock";
			outputFileListPaths = (
			);
			outputPaths = (
				"$(DERIVED_FILE_DIR)/Pods-CreditCardList-checkManifestLockResult.txt",
			);
			runOnlyForDeploymentPostprocessing = 0;
			shellPath = /bin/sh;
			shellScript = "diff \"${PODS_PODFILE_DIR_PATH}/Podfile.lock\" \"${PODS_ROOT}/Manifest.lock\" > /dev/null\nif [ $? != 0 ] ; then\n    # print error to STDERR\n    echo \"error: The sandbox is not in sync with the Podfile.lock. Run 'pod install' or update your CocoaPods installation.\" >&2\n    exit 1\nfi\n# This output is used by Xcode 'outputs' to avoid re-running this script phase.\necho \"SUCCESS\" > \"${SCRIPT_OUTPUT_FILE_0}\"\n";
			showEnvVarsInLog = 0;
		};
/* End PBXShellScriptBuildPhase section */

/* Begin PBXSourcesBuildPhase section */
		90E327BB291F971300D5FEE2 /* Sources */ = {
			isa = PBXSourcesBuildPhase;
			buildActionMask = 2147483647;
			files = (
				90E327D9291F9B8900D5FEE2 /* CreditCard.swift in Sources */,
				90E327DF291FA10A00D5FEE2 /* CardDetailViewController.swift in Sources */,
				90E327DC291F9C2400D5FEE2 /* CardListCellTableViewCell.swift in Sources */,
				90E327D7291F9ADB00D5FEE2 /* CardListViewController.swift in Sources */,
				90E327E6291FC57B00D5FEE2 /* CreditCardDummy.swift in Sources */,
				90E327C3291F971300D5FEE2 /* AppDelegate.swift in Sources */,
				90E327C5291F971300D5FEE2 /* SceneDelegate.swift in Sources */,
			);
			runOnlyForDeploymentPostprocessing = 0;
		};
/* End PBXSourcesBuildPhase section */

/* Begin PBXVariantGroup section */
		90E327C8291F971300D5FEE2 /* Main.storyboard */ = {
			isa = PBXVariantGroup;
			children = (
				90E327C9291F971300D5FEE2 /* Base */,
			);
			name = Main.storyboard;
			sourceTree = "<group>";
		};
		90E327CD291F971400D5FEE2 /* LaunchScreen.storyboard */ = {
			isa = PBXVariantGroup;
			children = (
				90E327CE291F971400D5FEE2 /* Base */,
			);
			name = LaunchScreen.storyboard;
			sourceTree = "<group>";
		};
/* End PBXVariantGroup section */

/* Begin XCBuildConfiguration section */
		90E327D1291F971400D5FEE2 /* Debug */ = {
			isa = XCBuildConfiguration;
			buildSettings = {
				ALWAYS_SEARCH_USER_PATHS = NO;
				CLANG_ANALYZER_NONNULL = YES;
				CLANG_ANALYZER_NUMBER_OBJECT_CONVERSION = YES_AGGRESSIVE;
				CLANG_CXX_LANGUAGE_STANDARD = "gnu++20";
				CLANG_ENABLE_MODULES = YES;
				CLANG_ENABLE_OBJC_ARC = YES;
				CLANG_ENABLE_OBJC_WEAK = YES;
				CLANG_WARN_BLOCK_CAPTURE_AUTORELEASING = YES;
				CLANG_WARN_BOOL_CONVERSION = YES;
				CLANG_WARN_COMMA = YES;
				CLANG_WARN_CONSTANT_CONVERSION = YES;
				CLANG_WARN_DEPRECATED_OBJC_IMPLEMENTATIONS = YES;
				CLANG_WARN_DIRECT_OBJC_ISA_USAGE = YES_ERROR;
				CLANG_WARN_DOCUMENTATION_COMMENTS = YES;
				CLANG_WARN_EMPTY_BODY = YES;
				CLANG_WARN_ENUM_CONVERSION = YES;
				CLANG_WARN_INFINITE_RECURSION = YES;
				CLANG_WARN_INT_CONVERSION = YES;
				CLANG_WARN_NON_LITERAL_NULL_CONVERSION = YES;
				CLANG_WARN_OBJC_IMPLICIT_RETAIN_SELF = YES;
				CLANG_WARN_OBJC_LITERAL_CONVERSION = YES;
				CLANG_WARN_OBJC_ROOT_CLASS = YES_ERROR;
				CLANG_WARN_QUOTED_INCLUDE_IN_FRAMEWORK_HEADER = YES;
				CLANG_WARN_RANGE_LOOP_ANALYSIS = YES;
				CLANG_WARN_STRICT_PROTOTYPES = YES;
				CLANG_WARN_SUSPICIOUS_MOVE = YES;
				CLANG_WARN_UNGUARDED_AVAILABILITY = YES_AGGRESSIVE;
				CLANG_WARN_UNREACHABLE_CODE = YES;
				CLANG_WARN__DUPLICATE_METHOD_MATCH = YES;
				COPY_PHASE_STRIP = NO;
				DEBUG_INFORMATION_FORMAT = dwarf;
				ENABLE_STRICT_OBJC_MSGSEND = YES;
				ENABLE_TESTABILITY = YES;
				GCC_C_LANGUAGE_STANDARD = gnu11;
				GCC_DYNAMIC_NO_PIC = NO;
				GCC_NO_COMMON_BLOCKS = YES;
				GCC_OPTIMIZATION_LEVEL = 0;
				GCC_PREPROCESSOR_DEFINITIONS = (
					"DEBUG=1",
					"$(inherited)",
				);
				GCC_WARN_64_TO_32_BIT_CONVERSION = YES;
				GCC_WARN_ABOUT_RETURN_TYPE = YES_ERROR;
				GCC_WARN_UNDECLARED_SELECTOR = YES;
				GCC_WARN_UNINITIALIZED_AUTOS = YES_AGGRESSIVE;
				GCC_WARN_UNUSED_FUNCTION = YES;
				GCC_WARN_UNUSED_VARIABLE = YES;
				IPHONEOS_DEPLOYMENT_TARGET = 16.1;
				MTL_ENABLE_DEBUG_INFO = INCLUDE_SOURCE;
				MTL_FAST_MATH = YES;
				ONLY_ACTIVE_ARCH = YES;
				SDKROOT = iphoneos;
				SWIFT_ACTIVE_COMPILATION_CONDITIONS = DEBUG;
				SWIFT_OPTIMIZATION_LEVEL = "-Onone";
			};
			name = Debug;
		};
		90E327D2291F971400D5FEE2 /* Release */ = {
			isa = XCBuildConfiguration;
			buildSettings = {
				ALWAYS_SEARCH_USER_PATHS = NO;
				CLANG_ANALYZER_NONNULL = YES;
				CLANG_ANALYZER_NUMBER_OBJECT_CONVERSION = YES_AGGRESSIVE;
				CLANG_CXX_LANGUAGE_STANDARD = "gnu++20";
				CLANG_ENABLE_MODULES = YES;
				CLANG_ENABLE_OBJC_ARC = YES;
				CLANG_ENABLE_OBJC_WEAK = YES;
				CLANG_WARN_BLOCK_CAPTURE_AUTORELEASING = YES;
				CLANG_WARN_BOOL_CONVERSION = YES;
				CLANG_WARN_COMMA = YES;
				CLANG_WARN_CONSTANT_CONVERSION = YES;
				CLANG_WARN_DEPRECATED_OBJC_IMPLEMENTATIONS = YES;
				CLANG_WARN_DIRECT_OBJC_ISA_USAGE = YES_ERROR;
				CLANG_WARN_DOCUMENTATION_COMMENTS = YES;
				CLANG_WARN_EMPTY_BODY = YES;
				CLANG_WARN_ENUM_CONVERSION = YES;
				CLANG_WARN_INFINITE_RECURSION = YES;
				CLANG_WARN_INT_CONVERSION = YES;
				CLANG_WARN_NON_LITERAL_NULL_CONVERSION = YES;
				CLANG_WARN_OBJC_IMPLICIT_RETAIN_SELF = YES;
				CLANG_WARN_OBJC_LITERAL_CONVERSION = YES;
				CLANG_WARN_OBJC_ROOT_CLASS = YES_ERROR;
				CLANG_WARN_QUOTED_INCLUDE_IN_FRAMEWORK_HEADER = YES;
				CLANG_WARN_RANGE_LOOP_ANALYSIS = YES;
				CLANG_WARN_STRICT_PROTOTYPES = YES;
				CLANG_WARN_SUSPICIOUS_MOVE = YES;
				CLANG_WARN_UNGUARDED_AVAILABILITY = YES_AGGRESSIVE;
				CLANG_WARN_UNREACHABLE_CODE = YES;
				CLANG_WARN__DUPLICATE_METHOD_MATCH = YES;
				COPY_PHASE_STRIP = NO;
				DEBUG_INFORMATION_FORMAT = "dwarf-with-dsym";
				ENABLE_NS_ASSERTIONS = NO;
				ENABLE_STRICT_OBJC_MSGSEND = YES;
				GCC_C_LANGUAGE_STANDARD = gnu11;
				GCC_NO_COMMON_BLOCKS = YES;
				GCC_WARN_64_TO_32_BIT_CONVERSION = YES;
				GCC_WARN_ABOUT_RETURN_TYPE = YES_ERROR;
				GCC_WARN_UNDECLARED_SELECTOR = YES;
				GCC_WARN_UNINITIALIZED_AUTOS = YES_AGGRESSIVE;
				GCC_WARN_UNUSED_FUNCTION = YES;
				GCC_WARN_UNUSED_VARIABLE = YES;
				IPHONEOS_DEPLOYMENT_TARGET = 16.1;
				MTL_ENABLE_DEBUG_INFO = NO;
				MTL_FAST_MATH = YES;
				SDKROOT = iphoneos;
				SWIFT_COMPILATION_MODE = wholemodule;
				SWIFT_OPTIMIZATION_LEVEL = "-O";
				VALIDATE_PRODUCT = YES;
			};
			name = Release;
		};
		90E327D4291F971400D5FEE2 /* Debug */ = {
			isa = XCBuildConfiguration;
			baseConfigurationReference = 6DC56EC5E204D8CA65AC172A /* Pods-CreditCardList.debug.xcconfig */;
			buildSettings = {
				ASSETCATALOG_COMPILER_APPICON_NAME = AppIcon;
				ASSETCATALOG_COMPILER_GLOBAL_ACCENT_COLOR_NAME = AccentColor;
				CODE_SIGN_STYLE = Automatic;
				CURRENT_PROJECT_VERSION = 1;
				DEVELOPMENT_TEAM = 839W2CPX46;
				GENERATE_INFOPLIST_FILE = YES;
				INFOPLIST_FILE = CreditCardList/Info.plist;
				INFOPLIST_KEY_UIApplicationSupportsIndirectInputEvents = YES;
				INFOPLIST_KEY_UILaunchStoryboardName = LaunchScreen;
				INFOPLIST_KEY_UIMainStoryboardFile = Main;
				INFOPLIST_KEY_UISupportedInterfaceOrientations_iPad = "UIInterfaceOrientationPortrait UIInterfaceOrientationPortraitUpsideDown UIInterfaceOrientationLandscapeLeft UIInterfaceOrientationLandscapeRight";
				INFOPLIST_KEY_UISupportedInterfaceOrientations_iPhone = "UIInterfaceOrientationPortrait UIInterfaceOrientationLandscapeLeft UIInterfaceOrientationLandscapeRight";
				LD_RUNPATH_SEARCH_PATHS = (
					"$(inherited)",
					"@executable_path/Frameworks",
				);
				MARKETING_VERSION = 1.0;
				PRODUCT_BUNDLE_IDENTIFIER = kr.co.hellojoyworld.CreditCardList;
				PRODUCT_NAME = "$(TARGET_NAME)";
				SWIFT_EMIT_LOC_STRINGS = YES;
				SWIFT_VERSION = 5.0;
				TARGETED_DEVICE_FAMILY = "1,2";
			};
			name = Debug;
		};
		90E327D5291F971400D5FEE2 /* Release */ = {
			isa = XCBuildConfiguration;
			baseConfigurationReference = 71F83271D7ECA7567FB0C802 /* Pods-CreditCardList.release.xcconfig */;
			buildSettings = {
				ASSETCATALOG_COMPILER_APPICON_NAME = AppIcon;
				ASSETCATALOG_COMPILER_GLOBAL_ACCENT_COLOR_NAME = AccentColor;
				CODE_SIGN_STYLE = Automatic;
				CURRENT_PROJECT_VERSION = 1;
				DEVELOPMENT_TEAM = 839W2CPX46;
				GENERATE_INFOPLIST_FILE = YES;
				INFOPLIST_FILE = CreditCardList/Info.plist;
				INFOPLIST_KEY_UIApplicationSupportsIndirectInputEvents = YES;
				INFOPLIST_KEY_UILaunchStoryboardName = LaunchScreen;
				INFOPLIST_KEY_UIMainStoryboardFile = Main;
				INFOPLIST_KEY_UISupportedInterfaceOrientations_iPad = "UIInterfaceOrientationPortrait UIInterfaceOrientationPortraitUpsideDown UIInterfaceOrientationLandscapeLeft UIInterfaceOrientationLandscapeRight";
				INFOPLIST_KEY_UISupportedInterfaceOrientations_iPhone = "UIInterfaceOrientationPortrait UIInterfaceOrientationLandscapeLeft UIInterfaceOrientationLandscapeRight";
				LD_RUNPATH_SEARCH_PATHS = (
					"$(inherited)",
					"@executable_path/Frameworks",
				);
				MARKETING_VERSION = 1.0;
				PRODUCT_BUNDLE_IDENTIFIER = kr.co.hellojoyworld.CreditCardList;
				PRODUCT_NAME = "$(TARGET_NAME)";
				SWIFT_EMIT_LOC_STRINGS = YES;
				SWIFT_VERSION = 5.0;
				TARGETED_DEVICE_FAMILY = "1,2";
			};
			name = Release;
		};
/* End XCBuildConfiguration section */

/* Begin XCConfigurationList section */
		90E327BA291F971300D5FEE2 /* Build configuration list for PBXProject "CreditCardList" */ = {
			isa = XCConfigurationList;
			buildConfigurations = (
				90E327D1291F971400D5FEE2 /* Debug */,
				90E327D2291F971400D5FEE2 /* Release */,
			);
			defaultConfigurationIsVisible = 0;
			defaultConfigurationName = Release;
		};
		90E327D3291F971400D5FEE2 /* Build configuration list for PBXNativeTarget "CreditCardList" */ = {
			isa = XCConfigurationList;
			buildConfigurations = (
				90E327D4291F971400D5FEE2 /* Debug */,
				90E327D5291F971400D5FEE2 /* Release */,
			);
			defaultConfigurationIsVisible = 0;
			defaultConfigurationName = Release;
		};
/* End XCConfigurationList section */
	};
	rootObject = 90E327B7291F971300D5FEE2 /* Project object */;
}
